
Microsoft Visual Studio Solution File, Format Version 12.00
# Visual Studio Version 17
VisualStudioVersion = 17.14.36429.23 d17.14
MinimumVisualStudioVersion = 10.0.40219.1
Project("{FAE04EC0-301F-11D3-BF4B-00C04F79EFBC}") = "ficticia", "ficticia\ficticia.csproj", "{81C71631-8917-4843-8BE5-1957EFF11C0D}"
EndProject
Global
	GlobalSection(SolutionConfigurationPlatforms) = preSolution
		Debug|Any CPU = Debug|Any CPU
		Release|Any CPU = Release|Any CPU
	EndGlobalSection
	GlobalSection(ProjectConfigurationPlatforms) = postSolution
		{81C71631-8917-4843-8BE5-1957EFF11C0D}.Debug|Any CPU.ActiveCfg = Debug|Any CPU
		{81C71631-8917-4843-8BE5-1957EFF11C0D}.Debug|Any CPU.Build.0 = Debug|Any CPU
		{81C71631-8917-4843-8BE5-1957EFF11C0D}.Release|Any CPU.ActiveCfg = Release|Any CPU
		{81C71631-8917-4843-8BE5-1957EFF11C0D}.Release|Any CPU.Build.0 = Release|Any CPU
	EndGlobalSection
	GlobalSection(SolutionProperties) = preSolution
		HideSolutionNode = FALSE
	EndGlobalSection
	GlobalSection(ExtensibilityGlobals) = postSolution
		SolutionGuid = {39633DD3-A5DD-4A9D-A1D0-FD113EC4CDEC}
	EndGlobalSection
EndGlobal
